{
    "_meta": {
        "hash": {
            "sha256": "344bfe1dcede142df98091afddef3158e263d9af23271b6446d49369dd1583ed"
        },
        "pipfile-spec": 6,
        "requires": {
            "python_version": "3.7"
        },
        "sources": [
            {
                "name": "pypi",
                "url": "https://pypi.org/simple",
                "verify_ssl": true
            }
        ]
    },
    "default": {
        "epc": {
            "hashes": [
                "sha256:a14d2ea74817955a20eb00812e3a4630a132897eb4d976420240f1152c0d7d25"
            ],
            "index": "pypi",
            "version": "==0.0.5"
        },
        "jedi": {
            "hashes": [
                "sha256:786b6c3d80e2f06fd77162a07fed81b8baa22dde5d62896a790a331d6ac21a27",
                "sha256:ba859c74fa3c966a22f2aeebe1b74ee27e2a462f56d3f5f7ca4a59af61bfe42e"
            ],
            "index": "pypi",
            "version": "==0.15.1"
        },
        "parso": {
            "hashes": [
                "sha256:63854233e1fadb5da97f2744b6b24346d2750b85965e7e399bec1620232797dc",
                "sha256:666b0ee4a7a1220f65d367617f2cd3ffddff3e205f3f16a0284df30e774c2a9c"
            ],
            "version": "==0.5.1"
        },
        "sexpdata": {
            "hashes": [
                "sha256:1ac827a616c5e87ebb60fd6686fb86f8a166938c645f4089d92de3ffbdd494e0"
            ],
            "version": "==0.0.3"
        }
    },
    "develop": {}
}
